
Microsoft Visual Studio Solution File, Format Version 12.00
# Visual Studio Version 17
VisualStudioVersion = 17.3.32922.545
MinimumVisualStudioVersion = 10.0.40219.1
Project("{9A19103F-16F7-4668-BE54-9A1E7A4F7556}") = "Marois.Framework.Core.WPF.Controls", "Marois.Framework.Core.WPF.Controls.csproj", "{478A525E-5B4D-44A3-940B-3020CA945783}"
EndProject
Project("{9A19103F-16F7-4668-BE54-9A1E7A4F7556}") = "Marois.Framework.Core.WPF.Controls.Demo", "..\Marois.Framework.Core.WPF.Controls.Demo\Marois.Framework.Core.WPF.Controls.Demo.csproj", "{54CBF987-D965-4227-9A6C-BF8132DBD610}"
EndProject
Project("{9A19103F-16F7-4668-BE54-9A1E7A4F7556}") = "Marois.Framework.Core.Utilities", "..\..\Marois.Framework.Core.Utilities\Marois.Framework.Core.Utilities.csproj", "{F9C25CCF-79DC-49C8-99B2-0B144238756D}"
EndProject
Project("{FAE04EC0-301F-11D3-BF4B-00C04F79EFBC}") = "Marois.Frameworo.Core.Controls.Shared", "..\Marois.Frameworo.Core.Controls.Shared\Marois.Frameworo.Core.Controls.Shared.csproj", "{D4443AE0-FAD8-45DA-A1D0-EA133A4AB2BA}"
EndProject
Global
	GlobalSection(SolutionConfigurationPlatforms) = preSolution
		Debug|Any CPU = Debug|Any CPU
		Release|Any CPU = Release|Any CPU
	EndGlobalSection
	GlobalSection(ProjectConfigurationPlatforms) = postSolution
		{478A525E-5B4D-44A3-940B-3020CA945783}.Debug|Any CPU.ActiveCfg = Debug|Any CPU
		{478A525E-5B4D-44A3-940B-3020CA945783}.Debug|Any CPU.Build.0 = Debug|Any CPU
		{478A525E-5B4D-44A3-940B-3020CA945783}.Release|Any CPU.ActiveCfg = Release|Any CPU
		{478A525E-5B4D-44A3-940B-3020CA945783}.Release|Any CPU.Build.0 = Release|Any CPU
		{54CBF987-D965-4227-9A6C-BF8132DBD610}.Debug|Any CPU.ActiveCfg = Debug|Any CPU
		{54CBF987-D965-4227-9A6C-BF8132DBD610}.Debug|Any CPU.Build.0 = Debug|Any CPU
		{54CBF987-D965-4227-9A6C-BF8132DBD610}.Release|Any CPU.ActiveCfg = Release|Any CPU
		{54CBF987-D965-4227-9A6C-BF8132DBD610}.Release|Any CPU.Build.0 = Release|Any CPU
		{F9C25CCF-79DC-49C8-99B2-0B144238756D}.Debug|Any CPU.ActiveCfg = Debug|Any CPU
		{F9C25CCF-79DC-49C8-99B2-0B144238756D}.Debug|Any CPU.Build.0 = Debug|Any CPU
		{F9C25CCF-79DC-49C8-99B2-0B144238756D}.Release|Any CPU.ActiveCfg = Release|Any CPU
		{F9C25CCF-79DC-49C8-99B2-0B144238756D}.Release|Any CPU.Build.0 = Release|Any CPU
		{D4443AE0-FAD8-45DA-A1D0-EA133A4AB2BA}.Debug|Any CPU.ActiveCfg = Debug|Any CPU
		{D4443AE0-FAD8-45DA-A1D0-EA133A4AB2BA}.Debug|Any CPU.Build.0 = Debug|Any CPU
		{D4443AE0-FAD8-45DA-A1D0-EA133A4AB2BA}.Release|Any CPU.ActiveCfg = Release|Any CPU
		{D4443AE0-FAD8-45DA-A1D0-EA133A4AB2BA}.Release|Any CPU.Build.0 = Release|Any CPU
	EndGlobalSection
	GlobalSection(SolutionProperties) = preSolution
		HideSolutionNode = FALSE
	EndGlobalSection
	GlobalSection(ExtensibilityGlobals) = postSolution
		SolutionGuid = {9AB83256-7439-4020-8B4B-C8562DA2286D}
	EndGlobalSection
EndGlobal
